
Microsoft Visual Studio Solution File, Format Version 12.00
# Visual Studio Version 17
VisualStudioVersion = 17.2.32526.322
MinimumVisualStudioVersion = 10.0.40219.1
Project("{FAE04EC0-301F-11D3-BF4B-00C04F79EFBC}") = "Sis1", "Sis1\Sis1.csproj", "{CF423D1E-7ADA-474A-AD08-85F2FF6D036C}"
EndProject
Global
	GlobalSection(SolutionConfigurationPlatforms) = preSolution
		Debug|Any CPU = Debug|Any CPU
		Release|Any CPU = Release|Any CPU
	EndGlobalSection
	GlobalSection(ProjectConfigurationPlatforms) = postSolution
		{CF423D1E-7ADA-474A-AD08-85F2FF6D036C}.Debug|Any CPU.ActiveCfg = Debug|Any CPU
		{CF423D1E-7ADA-474A-AD08-85F2FF6D036C}.Debug|Any CPU.Build.0 = Debug|Any CPU
		{CF423D1E-7ADA-474A-AD08-85F2FF6D036C}.Release|Any CPU.ActiveCfg = Release|Any CPU
		{CF423D1E-7ADA-474A-AD08-85F2FF6D036C}.Release|Any CPU.Build.0 = Release|Any CPU
	EndGlobalSection
	GlobalSection(SolutionProperties) = preSolution
		HideSolutionNode = FALSE
	EndGlobalSection
	GlobalSection(ExtensibilityGlobals) = postSolution
		SolutionGuid = {BD29C64C-9B55-4FF8-A813-83CB12E2C30E}
	EndGlobalSection
EndGlobal
